
Microsoft Visual Studio Solution File, Format Version 12.00
# Visual Studio Version 17
VisualStudioVersion = 17.2.32630.192
MinimumVisualStudioVersion = 10.0.40219.1
Project("{9A19103F-16F7-4668-BE54-9A1E7A4F7556}") = "Array Demo", "Array Demo\Array Demo.csproj", "{847E8C79-D3D2-4A50-9DFB-E66316D1FA1F}"
EndProject
Project("{9A19103F-16F7-4668-BE54-9A1E7A4F7556}") = "ArrayDemo2", "ArrayDemo2\ArrayDemo2.csproj", "{9227EB2F-1A16-4028-959E-00FDCB6976D0}"
EndProject
Project("{9A19103F-16F7-4668-BE54-9A1E7A4F7556}") = "MoreWhiles", "MoreWhiles\MoreWhiles.csproj", "{C04F0AE2-3087-4765-9A15-0A970E59032D}"
EndProject
Project("{9A19103F-16F7-4668-BE54-9A1E7A4F7556}") = "KeepGoing", "KeepGoing\KeepGoing.csproj", "{E47471AA-4288-473E-8429-7A4AC5EC6E18}"
EndProject
Project("{9A19103F-16F7-4668-BE54-9A1E7A4F7556}") = "StudentDatabase", "StudentDatabase\StudentDatabase.csproj", "{34389AF6-71A4-4A1E-8E69-C881BF53FF17}"
EndProject
Project("{9A19103F-16F7-4668-BE54-9A1E7A4F7556}") = "FoodValidation", "FoodValidation\FoodValidation.csproj", "{BA0DBAF5-1A03-446A-B66F-1AE39C0CB190}"
EndProject
Project("{9A19103F-16F7-4668-BE54-9A1E7A4F7556}") = "List Demo", "List Demo\List Demo.csproj", "{7F346F4B-4E1B-4D9E-8748-4A3E731A4717}"
EndProject
Project("{9A19103F-16F7-4668-BE54-9A1E7A4F7556}") = "Dictionary Demo", "Dictionary Demo\Dictionary Demo.csproj", "{F42741EC-D1EF-4F68-AB97-A90D09E1733B}"
EndProject
Project("{9A19103F-16F7-4668-BE54-9A1E7A4F7556}") = "DictionaryDemo2", "DictionaryDemo2\DictionaryDemo2.csproj", "{63DF576C-4BE1-4C56-A523-FDF1099D66AC}"
EndProject
Project("{9A19103F-16F7-4668-BE54-9A1E7A4F7556}") = "DictionaryDemo3", "DictionaryDemo3\DictionaryDemo3.csproj", "{B197CD6C-E92F-4399-B972-457C624EF079}"
EndProject
Project("{9A19103F-16F7-4668-BE54-9A1E7A4F7556}") = "ShoppingList", "ShoppingList\ShoppingList.csproj", "{76A31647-B721-4BDA-BA6A-989CBB656C27}"
EndProject
Project("{9A19103F-16F7-4668-BE54-9A1E7A4F7556}") = "Loop Practice", "Loop Practice\Loop Practice.csproj", "{38559E41-B615-4CED-990B-306017ADC86D}"
EndProject
Project("{9A19103F-16F7-4668-BE54-9A1E7A4F7556}") = "OverloadingDemo", "OverloadingDemo\OverloadingDemo.csproj", "{A6FC58A4-3400-4A1B-9F57-3265D15D4127}"
EndProject
Project("{FAE04EC0-301F-11D3-BF4B-00C04F79EFBC}") = "OverFlowTest2", "OverFlowTest2\OverFlowTest2.csproj", "{78B264BD-E44D-46CC-BE24-B41EF17B62D5}"
EndProject
Project("{9A19103F-16F7-4668-BE54-9A1E7A4F7556}") = "StringPractice", "StringPractice\StringPractice.csproj", "{277604BF-C830-45C0-AE27-65DCA9F41EB5}"
EndProject
Project("{9A19103F-16F7-4668-BE54-9A1E7A4F7556}") = "stackdemo", "stackdemo\stackdemo.csproj", "{D4B434DB-5CB0-48BC-BF91-AB403B285954}"
EndProject
Project("{9A19103F-16F7-4668-BE54-9A1E7A4F7556}") = "StringReversalLab", "StringReversalLab\StringReversalLab.csproj", "{01ABF53C-0694-4311-AA1E-D0C3AE90941E}"
EndProject
Project("{FAE04EC0-301F-11D3-BF4B-00C04F79EFBC}") = "ThursdayPractice", "ThursdayPractice\ThursdayPractice.csproj", "{2155ED28-3653-49E7-A1D1-68FE9A91D8E1}"
EndProject
Project("{FAE04EC0-301F-11D3-BF4B-00C04F79EFBC}") = "ThursdayPractice2", "ThursdayPractice2\ThursdayPractice2.csproj", "{1EC35A16-E080-49F0-8F27-645CE2F1AF83}"
EndProject
Project("{FAE04EC0-301F-11D3-BF4B-00C04F79EFBC}") = "thursdaypractice3", "thursdaypractice3\thursdaypractice3.csproj", "{E17A7DD4-E16E-4F94-8579-94272180D0F7}"
EndProject
Global
	GlobalSection(SolutionConfigurationPlatforms) = preSolution
		Debug|Any CPU = Debug|Any CPU
		Release|Any CPU = Release|Any CPU
	EndGlobalSection
	GlobalSection(ProjectConfigurationPlatforms) = postSolution
		{847E8C79-D3D2-4A50-9DFB-E66316D1FA1F}.Debug|Any CPU.ActiveCfg = Debug|Any CPU
		{847E8C79-D3D2-4A50-9DFB-E66316D1FA1F}.Debug|Any CPU.Build.0 = Debug|Any CPU
		{847E8C79-D3D2-4A50-9DFB-E66316D1FA1F}.Release|Any CPU.ActiveCfg = Release|Any CPU
		{847E8C79-D3D2-4A50-9DFB-E66316D1FA1F}.Release|Any CPU.Build.0 = Release|Any CPU
		{9227EB2F-1A16-4028-959E-00FDCB6976D0}.Debug|Any CPU.ActiveCfg = Debug|Any CPU
		{9227EB2F-1A16-4028-959E-00FDCB6976D0}.Debug|Any CPU.Build.0 = Debug|Any CPU
		{9227EB2F-1A16-4028-959E-00FDCB6976D0}.Release|Any CPU.ActiveCfg = Release|Any CPU
		{9227EB2F-1A16-4028-959E-00FDCB6976D0}.Release|Any CPU.Build.0 = Release|Any CPU
		{C04F0AE2-3087-4765-9A15-0A970E59032D}.Debug|Any CPU.ActiveCfg = Debug|Any CPU
		{C04F0AE2-3087-4765-9A15-0A970E59032D}.Debug|Any CPU.Build.0 = Debug|Any CPU
		{C04F0AE2-3087-4765-9A15-0A970E59032D}.Release|Any CPU.ActiveCfg = Release|Any CPU
		{C04F0AE2-3087-4765-9A15-0A970E59032D}.Release|Any CPU.Build.0 = Release|Any CPU
		{E47471AA-4288-473E-8429-7A4AC5EC6E18}.Debug|Any CPU.ActiveCfg = Debug|Any CPU
		{E47471AA-4288-473E-8429-7A4AC5EC6E18}.Debug|Any CPU.Build.0 = Debug|Any CPU
		{E47471AA-4288-473E-8429-7A4AC5EC6E18}.Release|Any CPU.ActiveCfg = Release|Any CPU
		{E47471AA-4288-473E-8429-7A4AC5EC6E18}.Release|Any CPU.Build.0 = Release|Any CPU
		{34389AF6-71A4-4A1E-8E69-C881BF53FF17}.Debug|Any CPU.ActiveCfg = Debug|Any CPU
		{34389AF6-71A4-4A1E-8E69-C881BF53FF17}.Debug|Any CPU.Build.0 = Debug|Any CPU
		{34389AF6-71A4-4A1E-8E69-C881BF53FF17}.Release|Any CPU.ActiveCfg = Release|Any CPU
		{34389AF6-71A4-4A1E-8E69-C881BF53FF17}.Release|Any CPU.Build.0 = Release|Any CPU
		{BA0DBAF5-1A03-446A-B66F-1AE39C0CB190}.Debug|Any CPU.ActiveCfg = Debug|Any CPU
		{BA0DBAF5-1A03-446A-B66F-1AE39C0CB190}.Debug|Any CPU.Build.0 = Debug|Any CPU
		{BA0DBAF5-1A03-446A-B66F-1AE39C0CB190}.Release|Any CPU.ActiveCfg = Release|Any CPU
		{BA0DBAF5-1A03-446A-B66F-1AE39C0CB190}.Release|Any CPU.Build.0 = Release|Any CPU
		{7F346F4B-4E1B-4D9E-8748-4A3E731A4717}.Debug|Any CPU.ActiveCfg = Debug|Any CPU
		{7F346F4B-4E1B-4D9E-8748-4A3E731A4717}.Debug|Any CPU.Build.0 = Debug|Any CPU
		{7F346F4B-4E1B-4D9E-8748-4A3E731A4717}.Release|Any CPU.ActiveCfg = Release|Any CPU
		{7F346F4B-4E1B-4D9E-8748-4A3E731A4717}.Release|Any CPU.Build.0 = Release|Any CPU
		{F42741EC-D1EF-4F68-AB97-A90D09E1733B}.Debug|Any CPU.ActiveCfg = Debug|Any CPU
		{F42741EC-D1EF-4F68-AB97-A90D09E1733B}.Debug|Any CPU.Build.0 = Debug|Any CPU
		{F42741EC-D1EF-4F68-AB97-A90D09E1733B}.Release|Any CPU.ActiveCfg = Release|Any CPU
		{F42741EC-D1EF-4F68-AB97-A90D09E1733B}.Release|Any CPU.Build.0 = Release|Any CPU
		{63DF576C-4BE1-4C56-A523-FDF1099D66AC}.Debug|Any CPU.ActiveCfg = Debug|Any CPU
		{63DF576C-4BE1-4C56-A523-FDF1099D66AC}.Debug|Any CPU.Build.0 = Debug|Any CPU
		{63DF576C-4BE1-4C56-A523-FDF1099D66AC}.Release|Any CPU.ActiveCfg = Release|Any CPU
		{63DF576C-4BE1-4C56-A523-FDF1099D66AC}.Release|Any CPU.Build.0 = Release|Any CPU
		{B197CD6C-E92F-4399-B972-457C624EF079}.Debug|Any CPU.ActiveCfg = Debug|Any CPU
		{B197CD6C-E92F-4399-B972-457C624EF079}.Debug|Any CPU.Build.0 = Debug|Any CPU
		{B197CD6C-E92F-4399-B972-457C624EF079}.Release|Any CPU.ActiveCfg = Release|Any CPU
		{B197CD6C-E92F-4399-B972-457C624EF079}.Release|Any CPU.Build.0 = Release|Any CPU
		{76A31647-B721-4BDA-BA6A-989CBB656C27}.Debug|Any CPU.ActiveCfg = Debug|Any CPU
		{76A31647-B721-4BDA-BA6A-989CBB656C27}.Debug|Any CPU.Build.0 = Debug|Any CPU
		{76A31647-B721-4BDA-BA6A-989CBB656C27}.Release|Any CPU.ActiveCfg = Release|Any CPU
		{76A31647-B721-4BDA-BA6A-989CBB656C27}.Release|Any CPU.Build.0 = Release|Any CPU
		{38559E41-B615-4CED-990B-306017ADC86D}.Debug|Any CPU.ActiveCfg = Debug|Any CPU
		{38559E41-B615-4CED-990B-306017ADC86D}.Debug|Any CPU.Build.0 = Debug|Any CPU
		{38559E41-B615-4CED-990B-306017ADC86D}.Release|Any CPU.ActiveCfg = Release|Any CPU
		{38559E41-B615-4CED-990B-306017ADC86D}.Release|Any CPU.Build.0 = Release|Any CPU
		{A6FC58A4-3400-4A1B-9F57-3265D15D4127}.Debug|Any CPU.ActiveCfg = Debug|Any CPU
		{A6FC58A4-3400-4A1B-9F57-3265D15D4127}.Debug|Any CPU.Build.0 = Debug|Any CPU
		{A6FC58A4-3400-4A1B-9F57-3265D15D4127}.Release|Any CPU.ActiveCfg = Release|Any CPU
		{A6FC58A4-3400-4A1B-9F57-3265D15D4127}.Release|Any CPU.Build.0 = Release|Any CPU
		{78B264BD-E44D-46CC-BE24-B41EF17B62D5}.Debug|Any CPU.ActiveCfg = Debug|Any CPU
		{78B264BD-E44D-46CC-BE24-B41EF17B62D5}.Debug|Any CPU.Build.0 = Debug|Any CPU
		{78B264BD-E44D-46CC-BE24-B41EF17B62D5}.Release|Any CPU.ActiveCfg = Release|Any CPU
		{78B264BD-E44D-46CC-BE24-B41EF17B62D5}.Release|Any CPU.Build.0 = Release|Any CPU
		{277604BF-C830-45C0-AE27-65DCA9F41EB5}.Debug|Any CPU.ActiveCfg = Debug|Any CPU
		{277604BF-C830-45C0-AE27-65DCA9F41EB5}.Debug|Any CPU.Build.0 = Debug|Any CPU
		{277604BF-C830-45C0-AE27-65DCA9F41EB5}.Release|Any CPU.ActiveCfg = Release|Any CPU
		{277604BF-C830-45C0-AE27-65DCA9F41EB5}.Release|Any CPU.Build.0 = Release|Any CPU
		{D4B434DB-5CB0-48BC-BF91-AB403B285954}.Debug|Any CPU.ActiveCfg = Debug|Any CPU
		{D4B434DB-5CB0-48BC-BF91-AB403B285954}.Debug|Any CPU.Build.0 = Debug|Any CPU
		{D4B434DB-5CB0-48BC-BF91-AB403B285954}.Release|Any CPU.ActiveCfg = Release|Any CPU
		{D4B434DB-5CB0-48BC-BF91-AB403B285954}.Release|Any CPU.Build.0 = Release|Any CPU
		{01ABF53C-0694-4311-AA1E-D0C3AE90941E}.Debug|Any CPU.ActiveCfg = Debug|Any CPU
		{01ABF53C-0694-4311-AA1E-D0C3AE90941E}.Debug|Any CPU.Build.0 = Debug|Any CPU
		{01ABF53C-0694-4311-AA1E-D0C3AE90941E}.Release|Any CPU.ActiveCfg = Release|Any CPU
		{01ABF53C-0694-4311-AA1E-D0C3AE90941E}.Release|Any CPU.Build.0 = Release|Any CPU
		{2155ED28-3653-49E7-A1D1-68FE9A91D8E1}.Debug|Any CPU.ActiveCfg = Debug|Any CPU
		{2155ED28-3653-49E7-A1D1-68FE9A91D8E1}.Debug|Any CPU.Build.0 = Debug|Any CPU
		{2155ED28-3653-49E7-A1D1-68FE9A91D8E1}.Release|Any CPU.ActiveCfg = Release|Any CPU
		{2155ED28-3653-49E7-A1D1-68FE9A91D8E1}.Release|Any CPU.Build.0 = Release|Any CPU
		{1EC35A16-E080-49F0-8F27-645CE2F1AF83}.Debug|Any CPU.ActiveCfg = Debug|Any CPU
		{1EC35A16-E080-49F0-8F27-645CE2F1AF83}.Debug|Any CPU.Build.0 = Debug|Any CPU
		{1EC35A16-E080-49F0-8F27-645CE2F1AF83}.Release|Any CPU.ActiveCfg = Release|Any CPU
		{1EC35A16-E080-49F0-8F27-645CE2F1AF83}.Release|Any CPU.Build.0 = Release|Any CPU
		{E17A7DD4-E16E-4F94-8579-94272180D0F7}.Debug|Any CPU.ActiveCfg = Debug|Any CPU
		{E17A7DD4-E16E-4F94-8579-94272180D0F7}.Debug|Any CPU.Build.0 = Debug|Any CPU
		{E17A7DD4-E16E-4F94-8579-94272180D0F7}.Release|Any CPU.ActiveCfg = Release|Any CPU
		{E17A7DD4-E16E-4F94-8579-94272180D0F7}.Release|Any CPU.Build.0 = Release|Any CPU
	EndGlobalSection
	GlobalSection(SolutionProperties) = preSolution
		HideSolutionNode = FALSE
	EndGlobalSection
	GlobalSection(ExtensibilityGlobals) = postSolution
		SolutionGuid = {CCFB5341-F4E0-4E86-B892-AA49B3836F79}
	EndGlobalSection
EndGlobal
